
Microsoft Visual Studio Solution File, Format Version 12.00
# Visual Studio 15
VisualStudioVersion = 15.0.27130.2010
MinimumVisualStudioVersion = 10.0.40219.1
Project("{9A19103F-16F7-4668-BE54-9A1E7A4F7556}") = "PaymentCenter.Management", "PaymentCenter.Management\PaymentCenter.Management.csproj", "{299C72DF-A940-4FD2-9EAC-6CAE9C3CEF26}"
EndProject
Project("{9A19103F-16F7-4668-BE54-9A1E7A4F7556}") = "PaymentCenter.Api", "PaymentCenter.Api\PaymentCenter.Api.csproj", "{A4CDB397-FA32-486B-B9FE-25C0914CF575}"
EndProject
Project("{9A19103F-16F7-4668-BE54-9A1E7A4F7556}") = "PaymentCenter.ConsoleApp", "PaymentCenter.Console\PaymentCenter.ConsoleApp.csproj", "{18A4F322-2AFD-4035-88CE-37BEF2A214F6}"
EndProject
Project("{9A19103F-16F7-4668-BE54-9A1E7A4F7556}") = "PaymentCenter.Infrastructure", "PaymentCenter.Infrastructure\PaymentCenter.Infrastructure.csproj", "{DA90283E-FF01-475A-9D79-1704835C12F5}"
EndProject
Project("{FAE04EC0-301F-11D3-BF4B-00C04F79EFBC}") = "PaymentCenter.Repositorys", "PaymentCenter.Repositorys\PaymentCenter.Repositorys.csproj", "{26E704FC-8794-45EF-B319-9416CAB90D10}"
EndProject
Project("{FAE04EC0-301F-11D3-BF4B-00C04F79EFBC}") = "PaymentCenter.PaymentCore", "PaymentCenter.PaymentCore\PaymentCenter.PaymentCore.csproj", "{CD9F9092-773C-4616-B3D7-96DFC48E2E15}"
EndProject
Global
	GlobalSection(SolutionConfigurationPlatforms) = preSolution
		Debug|Any CPU = Debug|Any CPU
		Release|Any CPU = Release|Any CPU
	EndGlobalSection
	GlobalSection(ProjectConfigurationPlatforms) = postSolution
		{299C72DF-A940-4FD2-9EAC-6CAE9C3CEF26}.Debug|Any CPU.ActiveCfg = Debug|Any CPU
		{299C72DF-A940-4FD2-9EAC-6CAE9C3CEF26}.Debug|Any CPU.Build.0 = Debug|Any CPU
		{299C72DF-A940-4FD2-9EAC-6CAE9C3CEF26}.Release|Any CPU.ActiveCfg = Release|Any CPU
		{299C72DF-A940-4FD2-9EAC-6CAE9C3CEF26}.Release|Any CPU.Build.0 = Release|Any CPU
		{A4CDB397-FA32-486B-B9FE-25C0914CF575}.Debug|Any CPU.ActiveCfg = Debug|Any CPU
		{A4CDB397-FA32-486B-B9FE-25C0914CF575}.Debug|Any CPU.Build.0 = Debug|Any CPU
		{A4CDB397-FA32-486B-B9FE-25C0914CF575}.Release|Any CPU.ActiveCfg = Release|Any CPU
		{A4CDB397-FA32-486B-B9FE-25C0914CF575}.Release|Any CPU.Build.0 = Release|Any CPU
		{18A4F322-2AFD-4035-88CE-37BEF2A214F6}.Debug|Any CPU.ActiveCfg = Debug|Any CPU
		{18A4F322-2AFD-4035-88CE-37BEF2A214F6}.Debug|Any CPU.Build.0 = Debug|Any CPU
		{18A4F322-2AFD-4035-88CE-37BEF2A214F6}.Release|Any CPU.ActiveCfg = Release|Any CPU
		{18A4F322-2AFD-4035-88CE-37BEF2A214F6}.Release|Any CPU.Build.0 = Release|Any CPU
		{DA90283E-FF01-475A-9D79-1704835C12F5}.Debug|Any CPU.ActiveCfg = Debug|Any CPU
		{DA90283E-FF01-475A-9D79-1704835C12F5}.Debug|Any CPU.Build.0 = Debug|Any CPU
		{DA90283E-FF01-475A-9D79-1704835C12F5}.Release|Any CPU.ActiveCfg = Release|Any CPU
		{DA90283E-FF01-475A-9D79-1704835C12F5}.Release|Any CPU.Build.0 = Release|Any CPU
		{26E704FC-8794-45EF-B319-9416CAB90D10}.Debug|Any CPU.ActiveCfg = Debug|Any CPU
		{26E704FC-8794-45EF-B319-9416CAB90D10}.Debug|Any CPU.Build.0 = Debug|Any CPU
		{26E704FC-8794-45EF-B319-9416CAB90D10}.Release|Any CPU.ActiveCfg = Release|Any CPU
		{26E704FC-8794-45EF-B319-9416CAB90D10}.Release|Any CPU.Build.0 = Release|Any CPU
		{CD9F9092-773C-4616-B3D7-96DFC48E2E15}.Debug|Any CPU.ActiveCfg = Debug|Any CPU
		{CD9F9092-773C-4616-B3D7-96DFC48E2E15}.Debug|Any CPU.Build.0 = Debug|Any CPU
		{CD9F9092-773C-4616-B3D7-96DFC48E2E15}.Release|Any CPU.ActiveCfg = Release|Any CPU
		{CD9F9092-773C-4616-B3D7-96DFC48E2E15}.Release|Any CPU.Build.0 = Release|Any CPU
	EndGlobalSection
	GlobalSection(SolutionProperties) = preSolution
		HideSolutionNode = FALSE
	EndGlobalSection
	GlobalSection(ExtensibilityGlobals) = postSolution
		SolutionGuid = {7062ABD2-4F1F-4422-BE56-9827DD348B6F}
	EndGlobalSection
EndGlobal
